
Microsoft Visual Studio Solution File, Format Version 12.00
# Visual Studio 15
VisualStudioVersion = 15.0.27130.2027
MinimumVisualStudioVersion = 10.0.40219.1
Project("{2150E333-8FDC-42A3-9474-1A3956D46DE8}") = "Library", "Library", "{75A887E7-BF6A-45B1-A8ED-D83574E88CD5}"
EndProject
Project("{2150E333-8FDC-42A3-9474-1A3956D46DE8}") = "Items", "Items", "{507BE4D1-D329-440B-BD3C-9C64632A3164}"
EndProject
Project("{FAE04EC0-301F-11D3-BF4B-00C04F79EFBC}") = "Armors", "Library\Items\Armors\Armors.csproj", "{7B5FA8A8-8128-456E-9B0F-7F127F62E426}"
EndProject
Project("{FAE04EC0-301F-11D3-BF4B-00C04F79EFBC}") = "WPFLibraryViewer", "Library\Viewers\WPFViewer\WPFLibraryViewer.csproj", "{91929F11-8A0D-4A5F-A921-3192F400DDE0}"
EndProject
Project("{FAE04EC0-301F-11D3-BF4B-00C04F79EFBC}") = "LibraryCore", "Library\LibraryCore\LibraryCore.csproj", "{D99815AE-5B12-44CB-94DD-B680C2C54E0E}"
EndProject
Project("{2150E333-8FDC-42A3-9474-1A3956D46DE8}") = "Viewers", "Viewers", "{574718B9-B18D-4D1A-882E-CC102A1C35F9}"
EndProject
Project("{FAE04EC0-301F-11D3-BF4B-00C04F79EFBC}") = "Weapons", "Library\Items\Weapons\Weapons.csproj", "{6DA6F2CA-C546-48C6-BCA1-0AC75DDEBFAD}"
EndProject
Project("{FAE04EC0-301F-11D3-BF4B-00C04F79EFBC}") = "ManagementConsole", "ManagementConsole\ManagementConsole.csproj", "{E6DDBD9C-88B1-4C4A-A3AA-835BCB135084}"
EndProject
Global
	GlobalSection(SolutionConfigurationPlatforms) = preSolution
		Debug|Any CPU = Debug|Any CPU
		Debug|x64 = Debug|x64
		Release|Any CPU = Release|Any CPU
		Release|x64 = Release|x64
	EndGlobalSection
	GlobalSection(ProjectConfigurationPlatforms) = postSolution
		{7B5FA8A8-8128-456E-9B0F-7F127F62E426}.Debug|Any CPU.ActiveCfg = Debug|Any CPU
		{7B5FA8A8-8128-456E-9B0F-7F127F62E426}.Debug|Any CPU.Build.0 = Debug|Any CPU
		{7B5FA8A8-8128-456E-9B0F-7F127F62E426}.Debug|x64.ActiveCfg = Debug|x64
		{7B5FA8A8-8128-456E-9B0F-7F127F62E426}.Debug|x64.Build.0 = Debug|x64
		{7B5FA8A8-8128-456E-9B0F-7F127F62E426}.Release|Any CPU.ActiveCfg = Release|Any CPU
		{7B5FA8A8-8128-456E-9B0F-7F127F62E426}.Release|Any CPU.Build.0 = Release|Any CPU
		{7B5FA8A8-8128-456E-9B0F-7F127F62E426}.Release|x64.ActiveCfg = Release|x64
		{7B5FA8A8-8128-456E-9B0F-7F127F62E426}.Release|x64.Build.0 = Release|x64
		{91929F11-8A0D-4A5F-A921-3192F400DDE0}.Debug|Any CPU.ActiveCfg = Debug|Any CPU
		{91929F11-8A0D-4A5F-A921-3192F400DDE0}.Debug|Any CPU.Build.0 = Debug|Any CPU
		{91929F11-8A0D-4A5F-A921-3192F400DDE0}.Debug|x64.ActiveCfg = Debug|x64
		{91929F11-8A0D-4A5F-A921-3192F400DDE0}.Debug|x64.Build.0 = Debug|x64
		{91929F11-8A0D-4A5F-A921-3192F400DDE0}.Release|Any CPU.ActiveCfg = Release|Any CPU
		{91929F11-8A0D-4A5F-A921-3192F400DDE0}.Release|Any CPU.Build.0 = Release|Any CPU
		{91929F11-8A0D-4A5F-A921-3192F400DDE0}.Release|x64.ActiveCfg = Release|x64
		{91929F11-8A0D-4A5F-A921-3192F400DDE0}.Release|x64.Build.0 = Release|x64
		{D99815AE-5B12-44CB-94DD-B680C2C54E0E}.Debug|Any CPU.ActiveCfg = Debug|Any CPU
		{D99815AE-5B12-44CB-94DD-B680C2C54E0E}.Debug|Any CPU.Build.0 = Debug|Any CPU
		{D99815AE-5B12-44CB-94DD-B680C2C54E0E}.Debug|x64.ActiveCfg = Debug|x64
		{D99815AE-5B12-44CB-94DD-B680C2C54E0E}.Debug|x64.Build.0 = Debug|x64
		{D99815AE-5B12-44CB-94DD-B680C2C54E0E}.Release|Any CPU.ActiveCfg = Release|Any CPU
		{D99815AE-5B12-44CB-94DD-B680C2C54E0E}.Release|Any CPU.Build.0 = Release|Any CPU
		{D99815AE-5B12-44CB-94DD-B680C2C54E0E}.Release|x64.ActiveCfg = Release|Any CPU
		{D99815AE-5B12-44CB-94DD-B680C2C54E0E}.Release|x64.Build.0 = Release|Any CPU
		{6DA6F2CA-C546-48C6-BCA1-0AC75DDEBFAD}.Debug|Any CPU.ActiveCfg = Debug|Any CPU
		{6DA6F2CA-C546-48C6-BCA1-0AC75DDEBFAD}.Debug|Any CPU.Build.0 = Debug|Any CPU
		{6DA6F2CA-C546-48C6-BCA1-0AC75DDEBFAD}.Debug|x64.ActiveCfg = Debug|x64
		{6DA6F2CA-C546-48C6-BCA1-0AC75DDEBFAD}.Debug|x64.Build.0 = Debug|x64
		{6DA6F2CA-C546-48C6-BCA1-0AC75DDEBFAD}.Release|Any CPU.ActiveCfg = Release|Any CPU
		{6DA6F2CA-C546-48C6-BCA1-0AC75DDEBFAD}.Release|Any CPU.Build.0 = Release|Any CPU
		{6DA6F2CA-C546-48C6-BCA1-0AC75DDEBFAD}.Release|x64.ActiveCfg = Release|Any CPU
		{6DA6F2CA-C546-48C6-BCA1-0AC75DDEBFAD}.Release|x64.Build.0 = Release|Any CPU
		{E6DDBD9C-88B1-4C4A-A3AA-835BCB135084}.Debug|Any CPU.ActiveCfg = Debug|Any CPU
		{E6DDBD9C-88B1-4C4A-A3AA-835BCB135084}.Debug|Any CPU.Build.0 = Debug|Any CPU
		{E6DDBD9C-88B1-4C4A-A3AA-835BCB135084}.Debug|x64.ActiveCfg = Debug|x64
		{E6DDBD9C-88B1-4C4A-A3AA-835BCB135084}.Debug|x64.Build.0 = Debug|x64
		{E6DDBD9C-88B1-4C4A-A3AA-835BCB135084}.Release|Any CPU.ActiveCfg = Release|Any CPU
		{E6DDBD9C-88B1-4C4A-A3AA-835BCB135084}.Release|Any CPU.Build.0 = Release|Any CPU
		{E6DDBD9C-88B1-4C4A-A3AA-835BCB135084}.Release|x64.ActiveCfg = Release|Any CPU
		{E6DDBD9C-88B1-4C4A-A3AA-835BCB135084}.Release|x64.Build.0 = Release|Any CPU
	EndGlobalSection
	GlobalSection(SolutionProperties) = preSolution
		HideSolutionNode = FALSE
	EndGlobalSection
	GlobalSection(NestedProjects) = preSolution
		{507BE4D1-D329-440B-BD3C-9C64632A3164} = {75A887E7-BF6A-45B1-A8ED-D83574E88CD5}
		{7B5FA8A8-8128-456E-9B0F-7F127F62E426} = {507BE4D1-D329-440B-BD3C-9C64632A3164}
		{91929F11-8A0D-4A5F-A921-3192F400DDE0} = {574718B9-B18D-4D1A-882E-CC102A1C35F9}
		{D99815AE-5B12-44CB-94DD-B680C2C54E0E} = {75A887E7-BF6A-45B1-A8ED-D83574E88CD5}
		{574718B9-B18D-4D1A-882E-CC102A1C35F9} = {75A887E7-BF6A-45B1-A8ED-D83574E88CD5}
		{6DA6F2CA-C546-48C6-BCA1-0AC75DDEBFAD} = {507BE4D1-D329-440B-BD3C-9C64632A3164}
	EndGlobalSection
	GlobalSection(ExtensibilityGlobals) = postSolution
		SolutionGuid = {A700A510-AE1C-4BFC-B0E2-1546DD0DEA74}
	EndGlobalSection
EndGlobal
