
Microsoft Visual Studio Solution File, Format Version 12.00
# Visual Studio 15
VisualStudioVersion = 15.0.27130.2027
MinimumVisualStudioVersion = 10.0.40219.1
Project("{FAE04EC0-301F-11D3-BF4B-00C04F79EFBC}") = "ManagementConsole", "ManagementConsole\ManagementConsole.csproj", "{E6DDBD9C-88B1-4C4A-A3AA-835BCB135084}"
EndProject
Project("{2150E333-8FDC-42A3-9474-1A3956D46DE8}") = "Library", "Library", "{3ED2F241-FC67-4286-9301-C4D7D8A3D0B1}"
EndProject
Project("{FAE04EC0-301F-11D3-BF4B-00C04F79EFBC}") = "DataAccess", "Library\DataAccess\DataAccess.csproj", "{6509B77D-4CC7-42F9-8B89-C7E0A0DD34D9}"
EndProject
Project("{FAE04EC0-301F-11D3-BF4B-00C04F79EFBC}") = "Entities", "Library\Entities\Entities.csproj", "{D2730C7D-1D7A-4C83-AA65-2A4D3E28658B}"
EndProject
Project("{FAE04EC0-301F-11D3-BF4B-00C04F79EFBC}") = "GUI", "Library\GUI\GUI.csproj", "{0CB0ECAF-918D-4AAE-A7EF-1AEED3321BBD}"
EndProject
Global
	GlobalSection(SolutionConfigurationPlatforms) = preSolution
		Debug|Any CPU = Debug|Any CPU
		Debug|x64 = Debug|x64
		Release|Any CPU = Release|Any CPU
		Release|x64 = Release|x64
	EndGlobalSection
	GlobalSection(ProjectConfigurationPlatforms) = postSolution
		{E6DDBD9C-88B1-4C4A-A3AA-835BCB135084}.Debug|Any CPU.ActiveCfg = Debug|Any CPU
		{E6DDBD9C-88B1-4C4A-A3AA-835BCB135084}.Debug|Any CPU.Build.0 = Debug|Any CPU
		{E6DDBD9C-88B1-4C4A-A3AA-835BCB135084}.Debug|x64.ActiveCfg = Debug|x64
		{E6DDBD9C-88B1-4C4A-A3AA-835BCB135084}.Debug|x64.Build.0 = Debug|x64
		{E6DDBD9C-88B1-4C4A-A3AA-835BCB135084}.Release|Any CPU.ActiveCfg = Release|Any CPU
		{E6DDBD9C-88B1-4C4A-A3AA-835BCB135084}.Release|Any CPU.Build.0 = Release|Any CPU
		{E6DDBD9C-88B1-4C4A-A3AA-835BCB135084}.Release|x64.ActiveCfg = Release|Any CPU
		{E6DDBD9C-88B1-4C4A-A3AA-835BCB135084}.Release|x64.Build.0 = Release|Any CPU
		{6509B77D-4CC7-42F9-8B89-C7E0A0DD34D9}.Debug|Any CPU.ActiveCfg = Debug|Any CPU
		{6509B77D-4CC7-42F9-8B89-C7E0A0DD34D9}.Debug|Any CPU.Build.0 = Debug|Any CPU
		{6509B77D-4CC7-42F9-8B89-C7E0A0DD34D9}.Debug|x64.ActiveCfg = Debug|Any CPU
		{6509B77D-4CC7-42F9-8B89-C7E0A0DD34D9}.Debug|x64.Build.0 = Debug|Any CPU
		{6509B77D-4CC7-42F9-8B89-C7E0A0DD34D9}.Release|Any CPU.ActiveCfg = Release|Any CPU
		{6509B77D-4CC7-42F9-8B89-C7E0A0DD34D9}.Release|Any CPU.Build.0 = Release|Any CPU
		{6509B77D-4CC7-42F9-8B89-C7E0A0DD34D9}.Release|x64.ActiveCfg = Release|Any CPU
		{6509B77D-4CC7-42F9-8B89-C7E0A0DD34D9}.Release|x64.Build.0 = Release|Any CPU
		{D2730C7D-1D7A-4C83-AA65-2A4D3E28658B}.Debug|Any CPU.ActiveCfg = Debug|Any CPU
		{D2730C7D-1D7A-4C83-AA65-2A4D3E28658B}.Debug|Any CPU.Build.0 = Debug|Any CPU
		{D2730C7D-1D7A-4C83-AA65-2A4D3E28658B}.Debug|x64.ActiveCfg = Debug|Any CPU
		{D2730C7D-1D7A-4C83-AA65-2A4D3E28658B}.Debug|x64.Build.0 = Debug|Any CPU
		{D2730C7D-1D7A-4C83-AA65-2A4D3E28658B}.Release|Any CPU.ActiveCfg = Release|Any CPU
		{D2730C7D-1D7A-4C83-AA65-2A4D3E28658B}.Release|Any CPU.Build.0 = Release|Any CPU
		{D2730C7D-1D7A-4C83-AA65-2A4D3E28658B}.Release|x64.ActiveCfg = Release|Any CPU
		{D2730C7D-1D7A-4C83-AA65-2A4D3E28658B}.Release|x64.Build.0 = Release|Any CPU
		{0CB0ECAF-918D-4AAE-A7EF-1AEED3321BBD}.Debug|Any CPU.ActiveCfg = Debug|Any CPU
		{0CB0ECAF-918D-4AAE-A7EF-1AEED3321BBD}.Debug|Any CPU.Build.0 = Debug|Any CPU
		{0CB0ECAF-918D-4AAE-A7EF-1AEED3321BBD}.Debug|x64.ActiveCfg = Debug|Any CPU
		{0CB0ECAF-918D-4AAE-A7EF-1AEED3321BBD}.Debug|x64.Build.0 = Debug|Any CPU
		{0CB0ECAF-918D-4AAE-A7EF-1AEED3321BBD}.Release|Any CPU.ActiveCfg = Release|Any CPU
		{0CB0ECAF-918D-4AAE-A7EF-1AEED3321BBD}.Release|Any CPU.Build.0 = Release|Any CPU
		{0CB0ECAF-918D-4AAE-A7EF-1AEED3321BBD}.Release|x64.ActiveCfg = Release|Any CPU
		{0CB0ECAF-918D-4AAE-A7EF-1AEED3321BBD}.Release|x64.Build.0 = Release|Any CPU
	EndGlobalSection
	GlobalSection(SolutionProperties) = preSolution
		HideSolutionNode = FALSE
	EndGlobalSection
	GlobalSection(NestedProjects) = preSolution
		{6509B77D-4CC7-42F9-8B89-C7E0A0DD34D9} = {3ED2F241-FC67-4286-9301-C4D7D8A3D0B1}
		{D2730C7D-1D7A-4C83-AA65-2A4D3E28658B} = {3ED2F241-FC67-4286-9301-C4D7D8A3D0B1}
		{0CB0ECAF-918D-4AAE-A7EF-1AEED3321BBD} = {3ED2F241-FC67-4286-9301-C4D7D8A3D0B1}
	EndGlobalSection
	GlobalSection(ExtensibilityGlobals) = postSolution
		SolutionGuid = {A700A510-AE1C-4BFC-B0E2-1546DD0DEA74}
	EndGlobalSection
EndGlobal
